
Microsoft Visual Studio Solution File, Format Version 12.00
# Visual Studio Version 16
VisualStudioVersion = 16.0.30621.155
MinimumVisualStudioVersion = 10.0.40219.1
Project("{FAE04EC0-301F-11D3-BF4B-00C04F79EFBC}") = "ExamenU3y4", "ExamenU3y4.csproj", "{9BEDF6CA-718C-44F0-9B4D-259608C7A0E5}"
EndProject
Global
	GlobalSection(SolutionConfigurationPlatforms) = preSolution
		Debug|Any CPU = Debug|Any CPU
		Release|Any CPU = Release|Any CPU
	EndGlobalSection
	GlobalSection(ProjectConfigurationPlatforms) = postSolution
		{9BEDF6CA-718C-44F0-9B4D-259608C7A0E5}.Debug|Any CPU.ActiveCfg = Debug|Any CPU
		{9BEDF6CA-718C-44F0-9B4D-259608C7A0E5}.Debug|Any CPU.Build.0 = Debug|Any CPU
		{9BEDF6CA-718C-44F0-9B4D-259608C7A0E5}.Release|Any CPU.ActiveCfg = Release|Any CPU
		{9BEDF6CA-718C-44F0-9B4D-259608C7A0E5}.Release|Any CPU.Build.0 = Release|Any CPU
	EndGlobalSection
	GlobalSection(SolutionProperties) = preSolution
		HideSolutionNode = FALSE
	EndGlobalSection
	GlobalSection(ExtensibilityGlobals) = postSolution
		SolutionGuid = {5DF816C8-8FCB-4DB6-B700-F80C9950BFA3}
	EndGlobalSection
EndGlobal
